github.com/dernate/gopcxmlda v1.2.2 h1:uNZJLr3E9ea7/IeEHXDqDEG2O9PPbNoLWQ0C3v2m9qA=
github.com/dernate/gopcxmlda v1.2.2/go.mod h1:3Rw6UT21XKAdu5s7zmPwacWRLI7jIYKkp623liVm/hs=
github.com/joho/godotenv v1.5.1 h1:7eLL/+HRGLY0ldzfGMeQkb7vMd0as4CfYvUVzLqw0N0=
github.com/joho/godotenv v1.5.1/go.mod h1:f4LDr5Voq0i2e/R5DDNOoa2zzDfwtkZa6DnEwAbqwq4=
